{
  "mvslovers/crypto370": {
    "sha256": "f5686240265baf69773e887bb7abd2c3f8da84d77bd377df38f95f4aa879fb6f",
    "version": "1.0.1"
  },
  "mvslovers/ufsd": {
    "sha256": "c2eb5f98317769e07c39363f29e4884fec1fd22f803582cfb36de5f7e67ea548",
    "version": "1.4.0-dev"
  },
  "plugin:mvslovers/mbt-ufs": {
    "sha256": "4e0a4cbf4dfcdfc54b8713ad3e45beade9b769bdd07e16996960256aafa51561",
    "version": "0.1.0"
  },
  "tool:ufsd-utils": {
    "sha256": "d1b1a1ea60ec98f1b233cabdd9bca3c7b2b737da304f2ddb9c0b654782c72a9e",
    "version": "1.0.1"
  }
}
